
Microsoft Visual Studio Solution File, Format Version 12.00
# Visual Studio Version 17
VisualStudioVersion = 17.7.34024.191
MinimumVisualStudioVersion = 10.0.40219.1
Project("{9A19103F-16F7-4668-BE54-9A1E7A4F7556}") = "ThreadISP32", "ThreadISP32\ThreadISP32.csproj", "{A7DAC47E-DAEF-417D-9BD4-47CD9887E05E}"
EndProject
Project("{9A19103F-16F7-4668-BE54-9A1E7A4F7556}") = "Lesson3", "Lesson3\Lesson3.csproj", "{0AE3F329-DD82-4A64-BD1B-AC36ACBC9267}"
EndProject
Project("{9A19103F-16F7-4668-BE54-9A1E7A4F7556}") = "Lab1", "Lab1\Lab1.csproj", "{5E31EDBE-30A6-4D12-8116-8B1B3949F886}"
EndProject
Project("{9A19103F-16F7-4668-BE54-9A1E7A4F7556}") = "Lesson5", "Lesson5\Lesson5.csproj", "{E1B82361-D011-4A33-8454-7FD1D72D2B3E}"
EndProject
Project("{9A19103F-16F7-4668-BE54-9A1E7A4F7556}") = "Lesson6", "Lesson6\Lesson6.csproj", "{69F05425-B29B-4736-B5A0-70A3E30F054B}"
EndProject
Project("{9A19103F-16F7-4668-BE54-9A1E7A4F7556}") = "Lesson7", "Lesson7\Lesson7.csproj", "{510B3E28-EB1E-4D7D-BDE7-0219D37A75B8}"
EndProject
Project("{9A19103F-16F7-4668-BE54-9A1E7A4F7556}") = "ForParallelWPF", "ForParallelWPF\ForParallelWPF.csproj", "{41FBCEBD-3233-4EC5-828B-5FC91AEA4F21}"
EndProject
Project("{9A19103F-16F7-4668-BE54-9A1E7A4F7556}") = "Lesson12", "Lesson12\Lesson12.csproj", "{D7779216-2316-46C4-8196-95DED4A395ED}"
EndProject
Project("{9A19103F-16F7-4668-BE54-9A1E7A4F7556}") = "Lesson13", "Lesson13\Lesson13.csproj", "{22CE6EA8-6A1A-4EB1-8E37-BAC7F5B990D9}"
EndProject
Project("{9A19103F-16F7-4668-BE54-9A1E7A4F7556}") = "Lesson14", "Lesson14\Lesson14.csproj", "{E356A767-B97C-4786-ABAE-030C2CB69652}"
EndProject
Project("{9A19103F-16F7-4668-BE54-9A1E7A4F7556}") = "Lesson15", "Lesson15\Lesson15.csproj", "{E9A796D7-7E51-4817-B113-EADEFD642FF6}"
EndProject
Project("{9A19103F-16F7-4668-BE54-9A1E7A4F7556}") = "Lesson16", "Lesson16\Lesson16.csproj", "{356EC5C1-138E-4B57-83CD-34A12B9095B6}"
EndProject
Project("{9A19103F-16F7-4668-BE54-9A1E7A4F7556}") = "Lab2", "Lab2\Lab2.csproj", "{C6A444A2-5DFC-44B7-A046-9D7E921102B7}"
EndProject
Project("{9A19103F-16F7-4668-BE54-9A1E7A4F7556}") = "WebApi", "WebApi\WebApi.csproj", "{BDFF5607-5E3E-4C86-BA53-779742B7E9BC}"
EndProject
Project("{9A19103F-16F7-4668-BE54-9A1E7A4F7556}") = "ApiClient", "ApiClient\ApiClient.csproj", "{9BCAE160-991A-4762-8746-4FAEF2D59EB1}"
EndProject
Project("{9A19103F-16F7-4668-BE54-9A1E7A4F7556}") = "Lab3", "Lab3\Lab3.csproj", "{0ABB9B49-5377-4CD3-8C2B-BBB23106F188}"
EndProject
Project("{9A19103F-16F7-4668-BE54-9A1E7A4F7556}") = "Lesson8", "Lesson8\Lesson8.csproj", "{C2519CED-39BD-4456-B341-567570FF8BD5}"
EndProject
Project("{9A19103F-16F7-4668-BE54-9A1E7A4F7556}") = "Lab4", "Lab4\Lab4.csproj", "{02FBA221-78C9-4664-A42E-0902564CDDD5}"
EndProject
Project("{9A19103F-16F7-4668-BE54-9A1E7A4F7556}") = "Lesson17", "Lesson17\Lesson17.csproj", "{B56BC77E-DF58-4C25-9463-0F8A276DBC87}"
EndProject
Project("{FAE04EC0-301F-11D3-BF4B-00C04F79EFBC}") = "FirstProject", "FirstProject\FirstProject.csproj", "{34F2F056-DD73-4199-B712-7EEE5FC24074}"
EndProject
Project("{FAE04EC0-301F-11D3-BF4B-00C04F79EFBC}") = "PartyInvites", "PartyInvites\PartyInvites.csproj", "{8463E102-EADD-433E-9025-E6F303663225}"
EndProject
Global
	GlobalSection(SolutionConfigurationPlatforms) = preSolution
		Debug|Any CPU = Debug|Any CPU
		Release|Any CPU = Release|Any CPU
	EndGlobalSection
	GlobalSection(ProjectConfigurationPlatforms) = postSolution
		{A7DAC47E-DAEF-417D-9BD4-47CD9887E05E}.Debug|Any CPU.ActiveCfg = Debug|Any CPU
		{A7DAC47E-DAEF-417D-9BD4-47CD9887E05E}.Debug|Any CPU.Build.0 = Debug|Any CPU
		{A7DAC47E-DAEF-417D-9BD4-47CD9887E05E}.Release|Any CPU.ActiveCfg = Release|Any CPU
		{A7DAC47E-DAEF-417D-9BD4-47CD9887E05E}.Release|Any CPU.Build.0 = Release|Any CPU
		{0AE3F329-DD82-4A64-BD1B-AC36ACBC9267}.Debug|Any CPU.ActiveCfg = Debug|Any CPU
		{0AE3F329-DD82-4A64-BD1B-AC36ACBC9267}.Debug|Any CPU.Build.0 = Debug|Any CPU
		{0AE3F329-DD82-4A64-BD1B-AC36ACBC9267}.Release|Any CPU.ActiveCfg = Release|Any CPU
		{0AE3F329-DD82-4A64-BD1B-AC36ACBC9267}.Release|Any CPU.Build.0 = Release|Any CPU
		{5E31EDBE-30A6-4D12-8116-8B1B3949F886}.Debug|Any CPU.ActiveCfg = Debug|Any CPU
		{5E31EDBE-30A6-4D12-8116-8B1B3949F886}.Debug|Any CPU.Build.0 = Debug|Any CPU
		{5E31EDBE-30A6-4D12-8116-8B1B3949F886}.Release|Any CPU.ActiveCfg = Release|Any CPU
		{5E31EDBE-30A6-4D12-8116-8B1B3949F886}.Release|Any CPU.Build.0 = Release|Any CPU
		{E1B82361-D011-4A33-8454-7FD1D72D2B3E}.Debug|Any CPU.ActiveCfg = Debug|Any CPU
		{E1B82361-D011-4A33-8454-7FD1D72D2B3E}.Debug|Any CPU.Build.0 = Debug|Any CPU
		{E1B82361-D011-4A33-8454-7FD1D72D2B3E}.Release|Any CPU.ActiveCfg = Release|Any CPU
		{E1B82361-D011-4A33-8454-7FD1D72D2B3E}.Release|Any CPU.Build.0 = Release|Any CPU
		{69F05425-B29B-4736-B5A0-70A3E30F054B}.Debug|Any CPU.ActiveCfg = Debug|Any CPU
		{69F05425-B29B-4736-B5A0-70A3E30F054B}.Debug|Any CPU.Build.0 = Debug|Any CPU
		{69F05425-B29B-4736-B5A0-70A3E30F054B}.Release|Any CPU.ActiveCfg = Release|Any CPU
		{69F05425-B29B-4736-B5A0-70A3E30F054B}.Release|Any CPU.Build.0 = Release|Any CPU
		{510B3E28-EB1E-4D7D-BDE7-0219D37A75B8}.Debug|Any CPU.ActiveCfg = Debug|Any CPU
		{510B3E28-EB1E-4D7D-BDE7-0219D37A75B8}.Debug|Any CPU.Build.0 = Debug|Any CPU
		{510B3E28-EB1E-4D7D-BDE7-0219D37A75B8}.Release|Any CPU.ActiveCfg = Release|Any CPU
		{510B3E28-EB1E-4D7D-BDE7-0219D37A75B8}.Release|Any CPU.Build.0 = Release|Any CPU
		{41FBCEBD-3233-4EC5-828B-5FC91AEA4F21}.Debug|Any CPU.ActiveCfg = Debug|Any CPU
		{41FBCEBD-3233-4EC5-828B-5FC91AEA4F21}.Debug|Any CPU.Build.0 = Debug|Any CPU
		{41FBCEBD-3233-4EC5-828B-5FC91AEA4F21}.Release|Any CPU.ActiveCfg = Release|Any CPU
		{41FBCEBD-3233-4EC5-828B-5FC91AEA4F21}.Release|Any CPU.Build.0 = Release|Any CPU
		{D7779216-2316-46C4-8196-95DED4A395ED}.Debug|Any CPU.ActiveCfg = Debug|Any CPU
		{D7779216-2316-46C4-8196-95DED4A395ED}.Debug|Any CPU.Build.0 = Debug|Any CPU
		{D7779216-2316-46C4-8196-95DED4A395ED}.Release|Any CPU.ActiveCfg = Release|Any CPU
		{D7779216-2316-46C4-8196-95DED4A395ED}.Release|Any CPU.Build.0 = Release|Any CPU
		{22CE6EA8-6A1A-4EB1-8E37-BAC7F5B990D9}.Debug|Any CPU.ActiveCfg = Debug|Any CPU
		{22CE6EA8-6A1A-4EB1-8E37-BAC7F5B990D9}.Debug|Any CPU.Build.0 = Debug|Any CPU
		{22CE6EA8-6A1A-4EB1-8E37-BAC7F5B990D9}.Release|Any CPU.ActiveCfg = Release|Any CPU
		{22CE6EA8-6A1A-4EB1-8E37-BAC7F5B990D9}.Release|Any CPU.Build.0 = Release|Any CPU
		{E356A767-B97C-4786-ABAE-030C2CB69652}.Debug|Any CPU.ActiveCfg = Debug|Any CPU
		{E356A767-B97C-4786-ABAE-030C2CB69652}.Debug|Any CPU.Build.0 = Debug|Any CPU
		{E356A767-B97C-4786-ABAE-030C2CB69652}.Release|Any CPU.ActiveCfg = Release|Any CPU
		{E356A767-B97C-4786-ABAE-030C2CB69652}.Release|Any CPU.Build.0 = Release|Any CPU
		{E9A796D7-7E51-4817-B113-EADEFD642FF6}.Debug|Any CPU.ActiveCfg = Debug|Any CPU
		{E9A796D7-7E51-4817-B113-EADEFD642FF6}.Debug|Any CPU.Build.0 = Debug|Any CPU
		{E9A796D7-7E51-4817-B113-EADEFD642FF6}.Release|Any CPU.ActiveCfg = Release|Any CPU
		{E9A796D7-7E51-4817-B113-EADEFD642FF6}.Release|Any CPU.Build.0 = Release|Any CPU
		{356EC5C1-138E-4B57-83CD-34A12B9095B6}.Debug|Any CPU.ActiveCfg = Debug|Any CPU
		{356EC5C1-138E-4B57-83CD-34A12B9095B6}.Debug|Any CPU.Build.0 = Debug|Any CPU
		{356EC5C1-138E-4B57-83CD-34A12B9095B6}.Release|Any CPU.ActiveCfg = Release|Any CPU
		{356EC5C1-138E-4B57-83CD-34A12B9095B6}.Release|Any CPU.Build.0 = Release|Any CPU
		{C6A444A2-5DFC-44B7-A046-9D7E921102B7}.Debug|Any CPU.ActiveCfg = Debug|Any CPU
		{C6A444A2-5DFC-44B7-A046-9D7E921102B7}.Debug|Any CPU.Build.0 = Debug|Any CPU
		{C6A444A2-5DFC-44B7-A046-9D7E921102B7}.Release|Any CPU.ActiveCfg = Release|Any CPU
		{C6A444A2-5DFC-44B7-A046-9D7E921102B7}.Release|Any CPU.Build.0 = Release|Any CPU
		{BDFF5607-5E3E-4C86-BA53-779742B7E9BC}.Debug|Any CPU.ActiveCfg = Debug|Any CPU
		{BDFF5607-5E3E-4C86-BA53-779742B7E9BC}.Debug|Any CPU.Build.0 = Debug|Any CPU
		{BDFF5607-5E3E-4C86-BA53-779742B7E9BC}.Release|Any CPU.ActiveCfg = Release|Any CPU
		{BDFF5607-5E3E-4C86-BA53-779742B7E9BC}.Release|Any CPU.Build.0 = Release|Any CPU
		{9BCAE160-991A-4762-8746-4FAEF2D59EB1}.Debug|Any CPU.ActiveCfg = Debug|Any CPU
		{9BCAE160-991A-4762-8746-4FAEF2D59EB1}.Debug|Any CPU.Build.0 = Debug|Any CPU
		{9BCAE160-991A-4762-8746-4FAEF2D59EB1}.Release|Any CPU.ActiveCfg = Release|Any CPU
		{9BCAE160-991A-4762-8746-4FAEF2D59EB1}.Release|Any CPU.Build.0 = Release|Any CPU
		{0ABB9B49-5377-4CD3-8C2B-BBB23106F188}.Debug|Any CPU.ActiveCfg = Debug|Any CPU
		{0ABB9B49-5377-4CD3-8C2B-BBB23106F188}.Debug|Any CPU.Build.0 = Debug|Any CPU
		{0ABB9B49-5377-4CD3-8C2B-BBB23106F188}.Release|Any CPU.ActiveCfg = Release|Any CPU
		{0ABB9B49-5377-4CD3-8C2B-BBB23106F188}.Release|Any CPU.Build.0 = Release|Any CPU
		{C2519CED-39BD-4456-B341-567570FF8BD5}.Debug|Any CPU.ActiveCfg = Debug|Any CPU
		{C2519CED-39BD-4456-B341-567570FF8BD5}.Debug|Any CPU.Build.0 = Debug|Any CPU
		{C2519CED-39BD-4456-B341-567570FF8BD5}.Release|Any CPU.ActiveCfg = Release|Any CPU
		{C2519CED-39BD-4456-B341-567570FF8BD5}.Release|Any CPU.Build.0 = Release|Any CPU
		{02FBA221-78C9-4664-A42E-0902564CDDD5}.Debug|Any CPU.ActiveCfg = Debug|Any CPU
		{02FBA221-78C9-4664-A42E-0902564CDDD5}.Debug|Any CPU.Build.0 = Debug|Any CPU
		{02FBA221-78C9-4664-A42E-0902564CDDD5}.Release|Any CPU.ActiveCfg = Release|Any CPU
		{02FBA221-78C9-4664-A42E-0902564CDDD5}.Release|Any CPU.Build.0 = Release|Any CPU
		{B56BC77E-DF58-4C25-9463-0F8A276DBC87}.Debug|Any CPU.ActiveCfg = Debug|Any CPU
		{B56BC77E-DF58-4C25-9463-0F8A276DBC87}.Debug|Any CPU.Build.0 = Debug|Any CPU
		{B56BC77E-DF58-4C25-9463-0F8A276DBC87}.Release|Any CPU.ActiveCfg = Release|Any CPU
		{B56BC77E-DF58-4C25-9463-0F8A276DBC87}.Release|Any CPU.Build.0 = Release|Any CPU
		{34F2F056-DD73-4199-B712-7EEE5FC24074}.Debug|Any CPU.ActiveCfg = Debug|Any CPU
		{34F2F056-DD73-4199-B712-7EEE5FC24074}.Debug|Any CPU.Build.0 = Debug|Any CPU
		{34F2F056-DD73-4199-B712-7EEE5FC24074}.Release|Any CPU.ActiveCfg = Release|Any CPU
		{34F2F056-DD73-4199-B712-7EEE5FC24074}.Release|Any CPU.Build.0 = Release|Any CPU
		{8463E102-EADD-433E-9025-E6F303663225}.Debug|Any CPU.ActiveCfg = Debug|Any CPU
		{8463E102-EADD-433E-9025-E6F303663225}.Debug|Any CPU.Build.0 = Debug|Any CPU
		{8463E102-EADD-433E-9025-E6F303663225}.Release|Any CPU.ActiveCfg = Release|Any CPU
		{8463E102-EADD-433E-9025-E6F303663225}.Release|Any CPU.Build.0 = Release|Any CPU
	EndGlobalSection
	GlobalSection(SolutionProperties) = preSolution
		HideSolutionNode = FALSE
	EndGlobalSection
	GlobalSection(ExtensibilityGlobals) = postSolution
		SolutionGuid = {AEF178CE-9E4F-4DF1-B605-773BEA248C82}
	EndGlobalSection
EndGlobal
